
Microsoft Visual Studio Solution File, Format Version 12.00
# Visual Studio 15
VisualStudioVersion = 15.0.26430.14
MinimumVisualStudioVersion = 10.0.40219.1
Project("{FAE04EC0-301F-11D3-BF4B-00C04F79EFBC}") = "LogicAppTestingFramework", "LogicAppTestingFramework\LogicAppTestingFramework.csproj", "{EBCB3727-9816-4417-ADB4-938E16AB2DB8}"
EndProject
Global
	GlobalSection(SolutionConfigurationPlatforms) = preSolution
		Debug|Any CPU = Debug|Any CPU
		Release|Any CPU = Release|Any CPU
	EndGlobalSection
	GlobalSection(ProjectConfigurationPlatforms) = postSolution
		{EBCB3727-9816-4417-ADB4-938E16AB2DB8}.Debug|Any CPU.ActiveCfg = Debug|Any CPU
		{EBCB3727-9816-4417-ADB4-938E16AB2DB8}.Debug|Any CPU.Build.0 = Debug|Any CPU
		{EBCB3727-9816-4417-ADB4-938E16AB2DB8}.Release|Any CPU.ActiveCfg = Release|Any CPU
		{EBCB3727-9816-4417-ADB4-938E16AB2DB8}.Release|Any CPU.Build.0 = Release|Any CPU
	EndGlobalSection
	GlobalSection(SolutionProperties) = preSolution
		HideSolutionNode = FALSE
	EndGlobalSection
	GlobalSection(ExtensibilityGlobals) = postSolution
		SolutionGuid = {11B67138-680E-4874-B1B5-0EB56E88FFE3}
	EndGlobalSection
EndGlobal
